id: drm_deinterleaver_bb
label: DRM Bit Deinterleaver
category: '[DRM]/Receiver'
flags: [python, cpp]
templates:
  imports: from drm.drm_python import deinterleaver_bb
  make: deinterleaver_bb(${sequence})
parameters:
- id: sequence
  label: Interleaving sequence
  dtype: int_vector
inputs:
- domain: stream
  dtype: byte
outputs:
- domain: stream
  dtype: byte
file_format: 1
