id: drm_deinterleaver_bb
label: DRM Bit Deinterleaver
category: '[DRM] Receiver'
flags: [python, cpp]
templates:
  imports: import drm
  make: drm.deinterleaver_bb(${sequence})
parameters:
- id: sequence
  label: Interleaving sequence
  dtype: int_vector
inputs:
- domain: stream
  dtype: byte
outputs:
- domain: stream
  dtype: byte
file_format: 1
