id: drm_generate_fac_b
label: FAC Generator
category: '[DRM]/Transmitter'
flags:
- python
templates:
  imports: import drm_next as drm
  make: drm.generate_fac_b(${tp})
parameters:
- id: tp
  label: Transmit Parameters
  dtype: raw
  hide: part
outputs:
- label: out
  domain: stream
  dtype: byte
file_format: 1
